
Microsoft Visual Studio Solution File, Format Version 12.00
# Visual Studio 15
VisualStudioVersion = 15.0.28307.329
MinimumVisualStudioVersion = 10.0.40219.1
Project("{FAE04EC0-301F-11D3-BF4B-00C04F79EFBC}") = "GestorDeRRHH", "GestorDeRRHH\GestorDeRRHH.csproj", "{941122E8-477C-4B83-97C8-7643F53167FE}"
EndProject
Project("{FAE04EC0-301F-11D3-BF4B-00C04F79EFBC}") = "CapaData", "CapaDeDatos\CapaData.csproj", "{C55CFCAF-FCD3-4CE7-90C1-FE95F267A165}"
EndProject
Project("{FAE04EC0-301F-11D3-BF4B-00C04F79EFBC}") = "CapaBusiness", "CapaBusiness\CapaBusiness.csproj", "{6FF909B7-C8FC-4A44-960E-E282B95140D8}"
EndProject
Project("{FAE04EC0-301F-11D3-BF4B-00C04F79EFBC}") = "Reports", "Reports\Reports.csproj", "{CA902155-F26E-41D6-BFE5-35FFA81372D1}"
EndProject
Project("{FAE04EC0-301F-11D3-BF4B-00C04F79EFBC}") = "CapaEntity", "CapaEntity\CapaEntity.csproj", "{FB88B9BB-8C46-44E5-B97C-11AA5307014E}"
EndProject
Global
	GlobalSection(SolutionConfigurationPlatforms) = preSolution
		Debug|Any CPU = Debug|Any CPU
		Release|Any CPU = Release|Any CPU
	EndGlobalSection
	GlobalSection(ProjectConfigurationPlatforms) = postSolution
		{941122E8-477C-4B83-97C8-7643F53167FE}.Debug|Any CPU.ActiveCfg = Debug|Any CPU
		{941122E8-477C-4B83-97C8-7643F53167FE}.Debug|Any CPU.Build.0 = Debug|Any CPU
		{941122E8-477C-4B83-97C8-7643F53167FE}.Release|Any CPU.ActiveCfg = Release|Any CPU
		{941122E8-477C-4B83-97C8-7643F53167FE}.Release|Any CPU.Build.0 = Release|Any CPU
		{C55CFCAF-FCD3-4CE7-90C1-FE95F267A165}.Debug|Any CPU.ActiveCfg = Debug|Any CPU
		{C55CFCAF-FCD3-4CE7-90C1-FE95F267A165}.Debug|Any CPU.Build.0 = Debug|Any CPU
		{C55CFCAF-FCD3-4CE7-90C1-FE95F267A165}.Release|Any CPU.ActiveCfg = Release|Any CPU
		{C55CFCAF-FCD3-4CE7-90C1-FE95F267A165}.Release|Any CPU.Build.0 = Release|Any CPU
		{6FF909B7-C8FC-4A44-960E-E282B95140D8}.Debug|Any CPU.ActiveCfg = Debug|Any CPU
		{6FF909B7-C8FC-4A44-960E-E282B95140D8}.Debug|Any CPU.Build.0 = Debug|Any CPU
		{6FF909B7-C8FC-4A44-960E-E282B95140D8}.Release|Any CPU.ActiveCfg = Release|Any CPU
		{6FF909B7-C8FC-4A44-960E-E282B95140D8}.Release|Any CPU.Build.0 = Release|Any CPU
		{CA902155-F26E-41D6-BFE5-35FFA81372D1}.Debug|Any CPU.ActiveCfg = Debug|Any CPU
		{CA902155-F26E-41D6-BFE5-35FFA81372D1}.Debug|Any CPU.Build.0 = Debug|Any CPU
		{CA902155-F26E-41D6-BFE5-35FFA81372D1}.Release|Any CPU.ActiveCfg = Release|Any CPU
		{CA902155-F26E-41D6-BFE5-35FFA81372D1}.Release|Any CPU.Build.0 = Release|Any CPU
		{FB88B9BB-8C46-44E5-B97C-11AA5307014E}.Debug|Any CPU.ActiveCfg = Debug|Any CPU
		{FB88B9BB-8C46-44E5-B97C-11AA5307014E}.Debug|Any CPU.Build.0 = Debug|Any CPU
		{FB88B9BB-8C46-44E5-B97C-11AA5307014E}.Release|Any CPU.ActiveCfg = Release|Any CPU
		{FB88B9BB-8C46-44E5-B97C-11AA5307014E}.Release|Any CPU.Build.0 = Release|Any CPU
	EndGlobalSection
	GlobalSection(SolutionProperties) = preSolution
		HideSolutionNode = FALSE
	EndGlobalSection
	GlobalSection(ExtensibilityGlobals) = postSolution
		SolutionGuid = {7E7B8348-6B58-4656-B643-DD1CD8059E1C}
	EndGlobalSection
EndGlobal
